
Microsoft Visual Studio Solution File, Format Version 12.00
# Visual Studio Version 16
VisualStudioVersion = 16.0.30320.27
MinimumVisualStudioVersion = 10.0.40219.1
Project("{FAE04EC0-301F-11D3-BF4B-00C04F79EFBC}") = "ControledeVercionamento", "ControledeVercionamento\ControledeVercionamento.csproj", "{ADAF9372-09F2-44EA-A8AA-9034E06B89B7}"
EndProject
Global
	GlobalSection(SolutionConfigurationPlatforms) = preSolution
		Debug|Any CPU = Debug|Any CPU
		Release|Any CPU = Release|Any CPU
	EndGlobalSection
	GlobalSection(ProjectConfigurationPlatforms) = postSolution
		{ADAF9372-09F2-44EA-A8AA-9034E06B89B7}.Debug|Any CPU.ActiveCfg = Debug|Any CPU
		{ADAF9372-09F2-44EA-A8AA-9034E06B89B7}.Debug|Any CPU.Build.0 = Debug|Any CPU
		{ADAF9372-09F2-44EA-A8AA-9034E06B89B7}.Release|Any CPU.ActiveCfg = Release|Any CPU
		{ADAF9372-09F2-44EA-A8AA-9034E06B89B7}.Release|Any CPU.Build.0 = Release|Any CPU
	EndGlobalSection
	GlobalSection(SolutionProperties) = preSolution
		HideSolutionNode = FALSE
	EndGlobalSection
	GlobalSection(ExtensibilityGlobals) = postSolution
		SolutionGuid = {6570AE7D-1E66-4626-A72E-A5E1160DEA14}
	EndGlobalSection
EndGlobal
